
Microsoft Visual Studio Solution File, Format Version 12.00
# Visual Studio Version 16
VisualStudioVersion = 16.0.31129.286
MinimumVisualStudioVersion = 10.0.40219.1
Project("{FAE04EC0-301F-11D3-BF4B-00C04F79EFBC}") = "Knigo", "Knigo\Knigo.csproj", "{85E172B0-D610-4BFD-AF5D-32B3A6F7E84B}"
EndProject
Global
	GlobalSection(SolutionConfigurationPlatforms) = preSolution
		Debug|Any CPU = Debug|Any CPU
		Release|Any CPU = Release|Any CPU
	EndGlobalSection
	GlobalSection(ProjectConfigurationPlatforms) = postSolution
		{85E172B0-D610-4BFD-AF5D-32B3A6F7E84B}.Debug|Any CPU.ActiveCfg = Debug|Any CPU
		{85E172B0-D610-4BFD-AF5D-32B3A6F7E84B}.Debug|Any CPU.Build.0 = Debug|Any CPU
		{85E172B0-D610-4BFD-AF5D-32B3A6F7E84B}.Release|Any CPU.ActiveCfg = Release|Any CPU
		{85E172B0-D610-4BFD-AF5D-32B3A6F7E84B}.Release|Any CPU.Build.0 = Release|Any CPU
	EndGlobalSection
	GlobalSection(SolutionProperties) = preSolution
		HideSolutionNode = FALSE
	EndGlobalSection
	GlobalSection(ExtensibilityGlobals) = postSolution
		SolutionGuid = {FF39EE59-CBC4-4BD5-A65A-115736B06E02}
	EndGlobalSection
EndGlobal
